
Microsoft Visual Studio Solution File, Format Version 12.00
# Visual Studio Version 17
VisualStudioVersion = 17.14.37301.10 d17.14
MinimumVisualStudioVersion = 10.0.40219.1
Project("{FAE04EC0-301F-11D3-BF4B-00C04F79EFBC}") = "El simulador de la cafeteria", "El simulador de la cafeteria\El simulador de la cafeteria.csproj", "{848E00A1-9071-4A42-A04F-D580853633D9}"
EndProject
Global
	GlobalSection(SolutionConfigurationPlatforms) = preSolution
		Debug|Any CPU = Debug|Any CPU
		Release|Any CPU = Release|Any CPU
	EndGlobalSection
	GlobalSection(ProjectConfigurationPlatforms) = postSolution
		{848E00A1-9071-4A42-A04F-D580853633D9}.Debug|Any CPU.ActiveCfg = Debug|Any CPU
		{848E00A1-9071-4A42-A04F-D580853633D9}.Debug|Any CPU.Build.0 = Debug|Any CPU
		{848E00A1-9071-4A42-A04F-D580853633D9}.Release|Any CPU.ActiveCfg = Release|Any CPU
		{848E00A1-9071-4A42-A04F-D580853633D9}.Release|Any CPU.Build.0 = Release|Any CPU
	EndGlobalSection
	GlobalSection(SolutionProperties) = preSolution
		HideSolutionNode = FALSE
	EndGlobalSection
	GlobalSection(ExtensibilityGlobals) = postSolution
		SolutionGuid = {14EDB1A7-F802-42B1-A769-8F129C61F31D}
	EndGlobalSection
EndGlobal
